// !$*UTF8*$!
{
	archiveVersion = 1;
	classes = {
	};
	objectVersion = 50;
	objects = {

/* Begin PBXBuildFile section */
		824ECD782427E5C400C50DE2 /* AppDelegate.swift in Sources */ = {isa = PBXBuildFile; fileRef = 824ECD772427E5C400C50DE2 /* AppDelegate.swift */; };
		824ECD7A2427E5C400C50DE2 /* SceneDelegate.swift in Sources */ = {isa = PBXBuildFile; fileRef = 824ECD792427E5C400C50DE2 /* SceneDelegate.swift */; };
		824ECD7F2427E5C400C50DE2 /* Main.storyboard in Resources */ = {isa = PBXBuildFile; fileRef = 824ECD7D2427E5C400C50DE2 /* Main.storyboard */; };
		824ECD812427E5C500C50DE2 /* Assets.xcassets in Resources */ = {isa = PBXBuildFile; fileRef = 824ECD802427E5C500C50DE2 /* Assets.xcassets */; };
		824ECD842427E5C500C50DE2 /* LaunchScreen.storyboard in Resources */ = {isa = PBXBuildFile; fileRef = 824ECD822427E5C500C50DE2 /* LaunchScreen.storyboard */; };
		824ECD8C2427E60C00C50DE2 /* OpenLibraryTableViewController.swift in Sources */ = {isa = PBXBuildFile; fileRef = 824ECD8B2427E60C00C50DE2 /* OpenLibraryTableViewController.swift */; };
		827FE1812427F02100098DFC /* BookDetailViewController.swift in Sources */ = {isa = PBXBuildFile; fileRef = 827FE1802427F02100098DFC /* BookDetailViewController.swift */; };
		827FE1832427F84600098DFC /* BookAddingViewController.swift in Sources */ = {isa = PBXBuildFile; fileRef = 827FE1822427F84600098DFC /* BookAddingViewController.swift */; };
		827FE1852428041A00098DFC /* Reachability.swift in Sources */ = {isa = PBXBuildFile; fileRef = 827FE1842428041A00098DFC /* Reachability.swift */; };
/* End PBXBuildFile section */

/* Begin PBXFileReference section */
		824ECD742427E5C400C50DE2 /* OpenLibrary API TableView.app */ = {isa = PBXFileReference; explicitFileType = wrapper.application; includeInIndex = 0; path = "OpenLibrary API TableView.app"; sourceTree = BUILT_PRODUCTS_DIR; };
		824ECD772427E5C400C50DE2 /* AppDelegate.swift */ = {isa = PBXFileReference; lastKnownFileType = sourcecode.swift; path = AppDelegate.swift; sourceTree = "<group>"; };
		824ECD792427E5C400C50DE2 /* SceneDelegate.swift */ = {isa = PBXFileReference; lastKnownFileType = sourcecode.swift; path = SceneDelegate.swift; sourceTree = "<group>"; };
		824ECD7E2427E5C400C50DE2 /* Base */ = {isa = PBXFileReference; lastKnownFileType = file.storyboard; name = Base; path = Base.lproj/Main.storyboard; sourceTree = "<group>"; };
		824ECD802427E5C500C50DE2 /* Assets.xcassets */ = {isa = PBXFileReference; lastKnownFileType = folder.assetcatalog; path = Assets.xcassets; sourceTree = "<group>"; };
		824ECD832427E5C500C50DE2 /* Base */ = {isa = PBXFileReference; lastKnownFileType = file.storyboard; name = Base; path = Base.lproj/LaunchScreen.storyboard; sourceTree = "<group>"; };
		824ECD852427E5C500C50DE2 /* Info.plist */ = {isa = PBXFileReference; lastKnownFileType = text.plist.xml; path = Info.plist; sourceTree = "<group>"; };
		824ECD8B2427E60C00C50DE2 /* OpenLibraryTableViewController.swift */ = {isa = PBXFileReference; lastKnownFileType = sourcecode.swift; path = OpenLibraryTableViewController.swift; sourceTree = "<group>"; };
		827FE1802427F02100098DFC /* BookDetailViewController.swift */ = {isa = PBXFileReference; lastKnownFileType = sourcecode.swift; path = BookDetailViewController.swift; sourceTree = "<group>"; };
		827FE1822427F84600098DFC /* BookAddingViewController.swift */ = {isa = PBXFileReference; lastKnownFileType = sourcecode.swift; path = BookAddingViewController.swift; sourceTree = "<group>"; };
		827FE1842428041A00098DFC /* Reachability.swift */ = {isa = PBXFileReference; lastKnownFileType = sourcecode.swift; path = Reachability.swift; sourceTree = "<group>"; };
/* End PBXFileReference section */

/* Begin PBXFrameworksBuildPhase section */
		824ECD712427E5C400C50DE2 /* Frameworks */ = {
			isa = PBXFrameworksBuildPhase;
			buildActionMask = 2147483647;
			files = (
			);
			runOnlyForDeploymentPostprocessing = 0;
		};
/* End PBXFrameworksBuildPhase section */

/* Begin PBXGroup section */
		824ECD6B2427E5C400C50DE2 = {
			isa = PBXGroup;
			children = (
				824ECD762427E5C400C50DE2 /* OpenLibrary API TableView */,
				824ECD752427E5C400C50DE2 /* Products */,
			);
			sourceTree = "<group>";
		};
		824ECD752427E5C400C50DE2 /* Products */ = {
			isa = PBXGroup;
			children = (
				824ECD742427E5C400C50DE2 /* OpenLibrary API TableView.app */,
			);
			name = Products;
			sourceTree = "<group>";
		};
		824ECD762427E5C400C50DE2 /* OpenLibrary API TableView */ = {
			isa = PBXGroup;
			children = (
				824ECD772427E5C400C50DE2 /* AppDelegate.swift */,
				824ECD792427E5C400C50DE2 /* SceneDelegate.swift */,
				824ECD8B2427E60C00C50DE2 /* OpenLibraryTableViewController.swift */,
				827FE1802427F02100098DFC /* BookDetailViewController.swift */,
				827FE1822427F84600098DFC /* BookAddingViewController.swift */,
				827FE1842428041A00098DFC /* Reachability.swift */,
				824ECD7D2427E5C400C50DE2 /* Main.storyboard */,
				824ECD802427E5C500C50DE2 /* Assets.xcassets */,
				824ECD822427E5C500C50DE2 /* LaunchScreen.storyboard */,
				824ECD852427E5C500C50DE2 /* Info.plist */,
			);
			path = "OpenLibrary API TableView";
			sourceTree = "<group>";
		};
/* End PBXGroup section */

/* Begin PBXNativeTarget section */
		824ECD732427E5C400C50DE2 /* OpenLibrary API TableView */ = {
			isa = PBXNativeTarget;
			buildConfigurationList = 824ECD882427E5C500C50DE2 /* Build configuration list for PBXNativeTarget "OpenLibrary API TableView" */;
			buildPhases = (
				824ECD702427E5C400C50DE2 /* Sources */,
				824ECD712427E5C400C50DE2 /* Frameworks */,
				824ECD722427E5C400C50DE2 /* Resources */,
			);
			buildRules = (
			);
			dependencies = (
			);
			name = "OpenLibrary API TableView";
			productName = "OpenLibrary API TableView";
			productReference = 824ECD742427E5C400C50DE2 /* OpenLibrary API TableView.app */;
			productType = "com.apple.product-type.application";
		};
/* End PBXNativeTarget section */

/* Begin PBXProject section */
		824ECD6C2427E5C400C50DE2 /* Project object */ = {
			isa = PBXProject;
			attributes = {
				LastSwiftUpdateCheck = 1120;
				LastUpgradeCheck = 1120;
				ORGANIZATIONNAME = "Ivan Pedrero";
				TargetAttributes = {
					824ECD732427E5C400C50DE2 = {
						CreatedOnToolsVersion = 11.2.1;
					};
				};
			};
			buildConfigurationList = 824ECD6F2427E5C400C50DE2 /* Build configuration list for PBXProject "OpenLibrary API TableView" */;
			compatibilityVersion = "Xcode 9.3";
			developmentRegion = en;
			hasScannedForEncodings = 0;
			knownRegions = (
				en,
				Base,
			);
			mainGroup = 824ECD6B2427E5C400C50DE2;
			productRefGroup = 824ECD752427E5C400C50DE2 /* Products */;
			projectDirPath = "";
			projectRoot = "";
			targets = (
				824ECD732427E5C400C50DE2 /* OpenLibrary API TableView */,
			);
		};
/* End PBXProject section */

/* Begin PBXResourcesBuildPhase section */
		824ECD722427E5C400C50DE2 /* Resources */ = {
			isa = PBXResourcesBuildPhase;
			buildActionMask = 2147483647;
			files = (
				824ECD842427E5C500C50DE2 /* LaunchScreen.storyboard in Resources */,
				824ECD812427E5C500C50DE2 /* Assets.xcassets in Resources */,
				824ECD7F2427E5C400C50DE2 /* Main.storyboard in Resources */,
			);
			runOnlyForDeploymentPostprocessing = 0;
		};
/* End PBXResourcesBuildPhase section */

/* Begin PBXSourcesBuildPhase section */
		824ECD702427E5C400C50DE2 /* Sources */ = {
			isa = PBXSourcesBuildPhase;
			buildActionMask = 2147483647;
			files = (
				824ECD8C2427E60C00C50DE2 /* OpenLibraryTableViewController.swift in Sources */,
				827FE1832427F84600098DFC /* BookAddingViewController.swift in Sources */,
				827FE1852428041A00098DFC /* Reachability.swift in Sources */,
				824ECD782427E5C400C50DE2 /* AppDelegate.swift in Sources */,
				827FE1812427F02100098DFC /* BookDetailViewController.swift in Sources */,
				824ECD7A2427E5C400C50DE2 /* SceneDelegate.swift in Sources */,
			);
			runOnlyForDeploymentPostprocessing = 0;
		};
/* End PBXSourcesBuildPhase section */

/* Begin PBXVariantGroup section */
		824ECD7D2427E5C400C50DE2 /* Main.storyboard */ = {
			isa = PBXVariantGroup;
			children = (
				824ECD7E2427E5C400C50DE2 /* Base */,
			);
			name = Main.storyboard;
			sourceTree = "<group>";
		};
		824ECD822427E5C500C50DE2 /* LaunchScreen.storyboard */ = {
			isa = PBXVariantGroup;
			children = (
				824ECD832427E5C500C50DE2 /* Base */,
			);
			name = LaunchScreen.storyboard;
			sourceTree = "<group>";
		};
/* End PBXVariantGroup section */

/* Begin XCBuildConfiguration section */
		824ECD862427E5C500C50DE2 /* Debug */ = {
			isa = XCBuildConfiguration;
			buildSettings = {
				ALWAYS_SEARCH_USER_PATHS = NO;
				CLANG_ANALYZER_NONNULL = YES;
				CLANG_ANALYZER_NUMBER_OBJECT_CONVERSION = YES_AGGRESSIVE;
				CLANG_CXX_LANGUAGE_STANDARD = "gnu++14";
				CLANG_CXX_LIBRARY = "libc++";
				CLANG_ENABLE_MODULES = YES;
				CLANG_ENABLE_OBJC_ARC = YES;
				CLANG_ENABLE_OBJC_WEAK = YES;
				CLANG_WARN_BLOCK_CAPTURE_AUTORELEASING = YES;
				CLANG_WARN_BOOL_CONVERSION = YES;
				CLANG_WARN_COMMA = YES;
				CLANG_WARN_CONSTANT_CONVERSION = YES;
				CLANG_WARN_DEPRECATED_OBJC_IMPLEMENTATIONS = YES;
				CLANG_WARN_DIRECT_OBJC_ISA_USAGE = YES_ERROR;
				CLANG_WARN_DOCUMENTATION_COMMENTS = YES;
				CLANG_WARN_EMPTY_BODY = YES;
				CLANG_WARN_ENUM_CONVERSION = YES;
				CLANG_WARN_INFINITE_RECURSION = YES;
				CLANG_WARN_INT_CONVERSION = YES;
				CLANG_WARN_NON_LITERAL_NULL_CONVERSION = YES;
				CLANG_WARN_OBJC_IMPLICIT_RETAIN_SELF = YES;
				CLANG_WARN_OBJC_LITERAL_CONVERSION = YES;
				CLANG_WARN_OBJC_ROOT_CLASS = YES_ERROR;
				CLANG_WARN_RANGE_LOOP_ANALYSIS = YES;
				CLANG_WARN_STRICT_PROTOTYPES = YES;
				CLANG_WARN_SUSPICIOUS_MOVE = YES;
				CLANG_WARN_UNGUARDED_AVAILABILITY = YES_AGGRESSIVE;
				CLANG_WARN_UNREACHABLE_CODE = YES;
				CLANG_WARN__DUPLICATE_METHOD_MATCH = YES;
				COPY_PHASE_STRIP = NO;
				DEBUG_INFORMATION_FORMAT = dwarf;
				ENABLE_STRICT_OBJC_MSGSEND = YES;
				ENABLE_TESTABILITY = YES;
				GCC_C_LANGUAGE_STANDARD = gnu11;
				GCC_DYNAMIC_NO_PIC = NO;
				GCC_NO_COMMON_BLOCKS = YES;
				GCC_OPTIMIZATION_LEVEL = 0;
				GCC_PREPROCESSOR_DEFINITIONS = (
					"DEBUG=1",
					"$(inherited)",
				);
				GCC_WARN_64_TO_32_BIT_CONVERSION = YES;
				GCC_WARN_ABOUT_RETURN_TYPE = YES_ERROR;
				GCC_WARN_UNDECLARED_SELECTOR = YES;
				GCC_WARN_UNINITIALIZED_AUTOS = YES_AGGRESSIVE;
				GCC_WARN_UNUSED_FUNCTION = YES;
				GCC_WARN_UNUSED_VARIABLE = YES;
				IPHONEOS_DEPLOYMENT_TARGET = 13.2;
				MTL_ENABLE_DEBUG_INFO = INCLUDE_SOURCE;
				MTL_FAST_MATH = YES;
				ONLY_ACTIVE_ARCH = YES;
				SDKROOT = iphoneos;
				SWIFT_ACTIVE_COMPILATION_CONDITIONS = DEBUG;
				SWIFT_OPTIMIZATION_LEVEL = "-Onone";
			};
			name = Debug;
		};
		824ECD872427E5C500C50DE2 /* Release */ = {
			isa = XCBuildConfiguration;
			buildSettings = {
				ALWAYS_SEARCH_USER_PATHS = NO;
				CLANG_ANALYZER_NONNULL = YES;
				CLANG_ANALYZER_NUMBER_OBJECT_CONVERSION = YES_AGGRESSIVE;
				CLANG_CXX_LANGUAGE_STANDARD = "gnu++14";
				CLANG_CXX_LIBRARY = "libc++";
				CLANG_ENABLE_MODULES = YES;
				CLANG_ENABLE_OBJC_ARC = YES;
				CLANG_ENABLE_OBJC_WEAK = YES;
				CLANG_WARN_BLOCK_CAPTURE_AUTORELEASING = YES;
				CLANG_WARN_BOOL_CONVERSION = YES;
				CLANG_WARN_COMMA = YES;
				CLANG_WARN_CONSTANT_CONVERSION = YES;
				CLANG_WARN_DEPRECATED_OBJC_IMPLEMENTATIONS = YES;
				CLANG_WARN_DIRECT_OBJC_ISA_USAGE = YES_ERROR;
				CLANG_WARN_DOCUMENTATION_COMMENTS = YES;
				CLANG_WARN_EMPTY_BODY = YES;
				CLANG_WARN_ENUM_CONVERSION = YES;
				CLANG_WARN_INFINITE_RECURSION = YES;
				CLANG_WARN_INT_CONVERSION = YES;
				CLANG_WARN_NON_LITERAL_NULL_CONVERSION = YES;
				CLANG_WARN_OBJC_IMPLICIT_RETAIN_SELF = YES;
				CLANG_WARN_OBJC_LITERAL_CONVERSION = YES;
				CLANG_WARN_OBJC_ROOT_CLASS = YES_ERROR;
				CLANG_WARN_RANGE_LOOP_ANALYSIS = YES;
				CLANG_WARN_STRICT_PROTOTYPES = YES;
				CLANG_WARN_SUSPICIOUS_MOVE = YES;
				CLANG_WARN_UNGUARDED_AVAILABILITY = YES_AGGRESSIVE;
				CLANG_WARN_UNREACHABLE_CODE = YES;
				CLANG_WARN__DUPLICATE_METHOD_MATCH = YES;
				COPY_PHASE_STRIP = NO;
				DEBUG_INFORMATION_FORMAT = "dwarf-with-dsym";
				ENABLE_NS_ASSERTIONS = NO;
				ENABLE_STRICT_OBJC_MSGSEND = YES;
				GCC_C_LANGUAGE_STANDARD = gnu11;
				GCC_NO_COMMON_BLOCKS = YES;
				GCC_WARN_64_TO_32_BIT_CONVERSION = YES;
				GCC_WARN_ABOUT_RETURN_TYPE = YES_ERROR;
				GCC_WARN_UNDECLARED_SELECTOR = YES;
				GCC_WARN_UNINITIALIZED_AUTOS = YES_AGGRESSIVE;
				GCC_WARN_UNUSED_FUNCTION = YES;
				GCC_WARN_UNUSED_VARIABLE = YES;
				IPHONEOS_DEPLOYMENT_TARGET = 13.2;
				MTL_ENABLE_DEBUG_INFO = NO;
				MTL_FAST_MATH = YES;
				SDKROOT = iphoneos;
				SWIFT_COMPILATION_MODE = wholemodule;
				SWIFT_OPTIMIZATION_LEVEL = "-O";
				VALIDATE_PRODUCT = YES;
			};
			name = Release;
		};
		824ECD892427E5C500C50DE2 /* Debug */ = {
			isa = XCBuildConfiguration;
			buildSettings = {
				ASSETCATALOG_COMPILER_APPICON_NAME = AppIcon;
				CODE_SIGN_STYLE = Automatic;
				DEVELOPMENT_TEAM = S9636ETYR8;
				INFOPLIST_FILE = "OpenLibrary API TableView/Info.plist";
				IPHONEOS_DEPLOYMENT_TARGET = 13.2;
				LD_RUNPATH_SEARCH_PATHS = (
					"$(inherited)",
					"@executable_path/Frameworks",
				);
				PRODUCT_BUNDLE_IDENTIFIER = "com.pedrero.OpenLibrary-API-TableView";
				PRODUCT_NAME = "$(TARGET_NAME)";
				SWIFT_VERSION = 5.0;
				TARGETED_DEVICE_FAMILY = "1,2";
			};
			name = Debug;
		};
		824ECD8A2427E5C500C50DE2 /* Release */ = {
			isa = XCBuildConfiguration;
			buildSettings = {
				ASSETCATALOG_COMPILER_APPICON_NAME = AppIcon;
				CODE_SIGN_STYLE = Automatic;
				DEVELOPMENT_TEAM = S9636ETYR8;
				INFOPLIST_FILE = "OpenLibrary API TableView/Info.plist";
				IPHONEOS_DEPLOYMENT_TARGET = 13.2;
				LD_RUNPATH_SEARCH_PATHS = (
					"$(inherited)",
					"@executable_path/Frameworks",
				);
				PRODUCT_BUNDLE_IDENTIFIER = "com.pedrero.OpenLibrary-API-TableView";
				PRODUCT_NAME = "$(TARGET_NAME)";
				SWIFT_VERSION = 5.0;
				TARGETED_DEVICE_FAMILY = "1,2";
			};
			name = Release;
		};
/* End XCBuildConfiguration section */

/* Begin XCConfigurationList section */
		824ECD6F2427E5C400C50DE2 /* Build configuration list for PBXProject "OpenLibrary API TableView" */ = {
			isa = XCConfigurationList;
			buildConfigurations = (
				824ECD862427E5C500C50DE2 /* Debug */,
				824ECD872427E5C500C50DE2 /* Release */,
			);
			defaultConfigurationIsVisible = 0;
			defaultConfigurationName = Release;
		};
		824ECD882427E5C500C50DE2 /* Build configuration list for PBXNativeTarget "OpenLibrary API TableView" */ = {
			isa = XCConfigurationList;
			buildConfigurations = (
				824ECD892427E5C500C50DE2 /* Debug */,
				824ECD8A2427E5C500C50DE2 /* Release */,
			);
			defaultConfigurationIsVisible = 0;
			defaultConfigurationName = Release;
		};
/* End XCConfigurationList section */
	};
	rootObject = 824ECD6C2427E5C400C50DE2 /* Project object */;
}
